
Microsoft Visual Studio Solution File, Format Version 12.00
# Visual Studio Version 17
VisualStudioVersion = 17.1.32421.90
MinimumVisualStudioVersion = 10.0.40219.1
Project("{9A19103F-16F7-4668-BE54-9A1E7A4F7556}") = "Bai7_ToaDoHinhTron", "Bai7_ToaDoHinhTron.csproj", "{87F9B1A2-4D00-416A-9AB9-1AA745844986}"
EndProject
Global
	GlobalSection(SolutionConfigurationPlatforms) = preSolution
		Debug|Any CPU = Debug|Any CPU
		Release|Any CPU = Release|Any CPU
	EndGlobalSection
	GlobalSection(ProjectConfigurationPlatforms) = postSolution
		{87F9B1A2-4D00-416A-9AB9-1AA745844986}.Debug|Any CPU.ActiveCfg = Debug|Any CPU
		{87F9B1A2-4D00-416A-9AB9-1AA745844986}.Debug|Any CPU.Build.0 = Debug|Any CPU
		{87F9B1A2-4D00-416A-9AB9-1AA745844986}.Release|Any CPU.ActiveCfg = Release|Any CPU
		{87F9B1A2-4D00-416A-9AB9-1AA745844986}.Release|Any CPU.Build.0 = Release|Any CPU
	EndGlobalSection
	GlobalSection(SolutionProperties) = preSolution
		HideSolutionNode = FALSE
	EndGlobalSection
	GlobalSection(ExtensibilityGlobals) = postSolution
		SolutionGuid = {3040DF52-09D8-4BFC-8B82-24BE78E10EBF}
	EndGlobalSection
EndGlobal
